# This file is automatically @generated by Cargo.
# It is not intended for manual editing.
version = 4

[[package]]
name = "jlink-capture"
version = "0.1.0"
dependencies = [
 "jlink-domain",
]

[[package]]
name = "jlink-domain"
version = "0.1.0"

[[package]]
name = "jlink-mcp"
version = "0.1.0"
dependencies = [
 "jlink-capture",
 "jlink-domain",
]

[[package]]
name = "jlink-worker"
version = "0.1.0"
dependencies = [
 "jlink-capture",
 "jlink-domain",
]
